
Microsoft Visual Studio Solution File, Format Version 12.00
# Visual Studio Version 17
VisualStudioVersion = 17.0.31903.59
MinimumVisualStudioVersion = 10.0.40219.1
Project("{2150E333-8FDC-42A3-9474-1A3956D46DE8}") = "src", "src", "{F9A2476F-05FC-408C-AD59-5C626ED2BBE6}"
EndProject
Project("{2150E333-8FDC-42A3-9474-1A3956D46DE8}") = "tests", "tests", "{D0506574-AD5A-4047-B7CA-E9B70316EB19}"
EndProject
Project("{F2A71F9B-5D33-465A-A702-920D77279786}") = "ScrapySharp.Core", "src\ScrapySharp.Core\ScrapySharp.Core.fsproj", "{06ABC527-37AC-4201-9201-21FFC699196B}"
EndProject
Project("{FAE04EC0-301F-11D3-BF4B-00C04F79EFBC}") = "ScrapySharp", "src\ScrapySharp\ScrapySharp.csproj", "{D5976B65-00B1-46EB-B614-C5A2398786F0}"
EndProject
Project("{FAE04EC0-301F-11D3-BF4B-00C04F79EFBC}") = "ScrapySharp.Tests", "tests\ScrapySharp.Tests\ScrapySharp.Tests.csproj", "{8E61353B-C02F-4378-AF21-5245B5AECA4E}"
EndProject
Project("{FAE04EC0-301F-11D3-BF4B-00C04F79EFBC}") = "ScrapySharp.IntegrationTests", "tests\ScrapySharp.IntegrationTests\ScrapySharp.IntegrationTests.csproj", "{5EAE7E71-817E-4E4C-A592-1B91CBA77C85}"
EndProject
Project("{FAE04EC0-301F-11D3-BF4B-00C04F79EFBC}") = "ScrapySharp.Tests.CrawlSite", "tests\ScrapySharp.Tests.CrawlSite\ScrapySharp.Tests.CrawlSite.csproj", "{4A9B3B51-30BB-4280-8173-7041DE00CADF}"
EndProject
Project("{2150E333-8FDC-42A3-9474-1A3956D46DE8}") = "build", "build", "{CED30C3E-5B43-410A-9703-E4142F6C44E7}"
	ProjectSection(SolutionItems) = preProject
		NuGet.Config = NuGet.Config
		build.ps1 = build.ps1
		build.sh = build.sh
		global.json = global.json
	EndProjectSection
EndProject
Global
	GlobalSection(SolutionConfigurationPlatforms) = preSolution
		Debug|Any CPU = Debug|Any CPU
		Release|Any CPU = Release|Any CPU
	EndGlobalSection
	GlobalSection(SolutionProperties) = preSolution
		HideSolutionNode = FALSE
	EndGlobalSection
	GlobalSection(NestedProjects) = preSolution
		{06ABC527-37AC-4201-9201-21FFC699196B} = {F9A2476F-05FC-408C-AD59-5C626ED2BBE6}
		{D5976B65-00B1-46EB-B614-C5A2398786F0} = {F9A2476F-05FC-408C-AD59-5C626ED2BBE6}
		{8E61353B-C02F-4378-AF21-5245B5AECA4E} = {D0506574-AD5A-4047-B7CA-E9B70316EB19}
		{5EAE7E71-817E-4E4C-A592-1B91CBA77C85} = {D0506574-AD5A-4047-B7CA-E9B70316EB19}
		{4A9B3B51-30BB-4280-8173-7041DE00CADF} = {D0506574-AD5A-4047-B7CA-E9B70316EB19}
	EndGlobalSection
	GlobalSection(ProjectConfigurationPlatforms) = postSolution
		{06ABC527-37AC-4201-9201-21FFC699196B}.Debug|Any CPU.ActiveCfg = Debug|Any CPU
		{06ABC527-37AC-4201-9201-21FFC699196B}.Debug|Any CPU.Build.0 = Debug|Any CPU
		{06ABC527-37AC-4201-9201-21FFC699196B}.Release|Any CPU.ActiveCfg = Release|Any CPU
		{06ABC527-37AC-4201-9201-21FFC699196B}.Release|Any CPU.Build.0 = Release|Any CPU
		{D5976B65-00B1-46EB-B614-C5A2398786F0}.Debug|Any CPU.ActiveCfg = Debug|Any CPU
		{D5976B65-00B1-46EB-B614-C5A2398786F0}.Debug|Any CPU.Build.0 = Debug|Any CPU
		{D5976B65-00B1-46EB-B614-C5A2398786F0}.Release|Any CPU.ActiveCfg = Release|Any CPU
		{D5976B65-00B1-46EB-B614-C5A2398786F0}.Release|Any CPU.Build.0 = Release|Any CPU
		{8E61353B-C02F-4378-AF21-5245B5AECA4E}.Debug|Any CPU.ActiveCfg = Debug|Any CPU
		{8E61353B-C02F-4378-AF21-5245B5AECA4E}.Debug|Any CPU.Build.0 = Debug|Any CPU
		{8E61353B-C02F-4378-AF21-5245B5AECA4E}.Release|Any CPU.ActiveCfg = Release|Any CPU
		{8E61353B-C02F-4378-AF21-5245B5AECA4E}.Release|Any CPU.Build.0 = Release|Any CPU
		{5EAE7E71-817E-4E4C-A592-1B91CBA77C85}.Debug|Any CPU.ActiveCfg = Debug|Any CPU
		{5EAE7E71-817E-4E4C-A592-1B91CBA77C85}.Debug|Any CPU.Build.0 = Debug|Any CPU
		{5EAE7E71-817E-4E4C-A592-1B91CBA77C85}.Release|Any CPU.ActiveCfg = Release|Any CPU
		{5EAE7E71-817E-4E4C-A592-1B91CBA77C85}.Release|Any CPU.Build.0 = Release|Any CPU
		{4A9B3B51-30BB-4280-8173-7041DE00CADF}.Debug|Any CPU.ActiveCfg = Debug|Any CPU
		{4A9B3B51-30BB-4280-8173-7041DE00CADF}.Debug|Any CPU.Build.0 = Debug|Any CPU
		{4A9B3B51-30BB-4280-8173-7041DE00CADF}.Release|Any CPU.ActiveCfg = Release|Any CPU
		{4A9B3B51-30BB-4280-8173-7041DE00CADF}.Release|Any CPU.Build.0 = Release|Any CPU
	EndGlobalSection
EndGlobal
